NeoBundleLock Hemisu 37ea6aace110e1e70acb32a3ec6dc9b7ae9009bf
NeoBundleLock Mark 62aa8276d8f3dac379b70c673baead4e11dbc1ec
NeoBundleLock SelectBuf bf13659a95f3d31e3dd14e035efe11f43d37ce6b
NeoBundleLock Spacegray.vim f9e5205319cbb5c598bbf02b16c3d05277817f81
NeoBundleLock Zenburn 2cacfcb222d9db34a8d1a13bb8bb814f039b98cd
NeoBundleLock ack.vim 36e40f9ec91bdbf6f1adf408522a73a6925c3042
NeoBundleLock bufexplorer 101a3e3471af1f1c78f01c1ba0561ff6ed8b9fe3
NeoBundleLock csv.vim 918be3bd15920fd9bc79fca5e6870b8055742a1a
NeoBundleLock dash.vim 25b17d9488454a1fcdbb2cbe829a23226f95e3c2
NeoBundleLock molokai 32e8c32617528cd0de328310f43b5ac57f00a1d0
NeoBundleLock mru.vim 9f25db66393a6467fae0ac04ae6565e8471023c3
NeoBundleLock mustang-vim 6533d7d21bf27cae94d9c2caa575f627f003dfd5
NeoBundleLock neobundle.vim 1306c131ff0a6cc094b7ff0727350e442b5427f1
NeoBundleLock rainbow d7bb89e6a6fae25765ee16020ea7a85d43bd6e41
NeoBundleLock supertab 40fe711e088e2ab346738233dd5adbb1be355172
NeoBundleLock sweater 1dfc3319e028b2f98da125881b93534e0d400e74
NeoBundleLock vim-airline c7fb175d3565159699885653767214a6aa583ea4
NeoBundleLock vim-bufferline 651fd010aa9613a4b8636a4af8a2db0d22800262
NeoBundleLock vim-colors-solarized 528a59f26d12278698bb946f8fb82a63711eec21
NeoBundleLock vim-genutils 5ad74c1f86a89495096a4e3d21c12abf3cbb93e4
NeoBundleLock vim-go 04699c8916c777ad3c6dc8a803d55d8d222b3026
NeoBundleLock vim-lucius 770dc0da1d1ce0c21e2d54191aae8f0e6012b6a5
NeoBundleLock vim-sneak 5d81dcceee9894f433ab16b766db32dcbffef7af
NeoBundleLock vim-surround 597068870b8f093a8b2d11536c62ff31222ee8d0
